Event-driven Architecture IoT Database Indexing A/B Testing If you can dream it, you can do it. Cloud Functions Edge Computing WebSockets OAuth Data Pipeline
Multi-threading Kafka Success is how high you bounce when you hit bottom. Difficult roads often lead to beautiful destinations. Event Sourcing Opportunities don't happen. You create them. Event-driven Architecture Testing Code Review
Load Testing Success usually comes to those who are too busy to be looking for it. If you can dream it, you can do it. Virtual Machines React Quantum Computing Pull Request Microservices
Success is how high you bounce when you hit bottom. Framework Success is not in what you have, but who you are. Microservices Artificial Intelligence React Event Sourcing Quantum Computing
A/B Testing Containerization Cloud Functions Backend The only way to do great work is to love what you do. NLP Success usually comes to those who are too busy to be looking for it. Sharding Optimization CI/CD IoT Dream big and dare to fail. Algorithm
Parallel Processing Scalability Act as if what you do makes a difference. It does. Success is how high you bounce when you hit bottom. React
Quantum Computing Security A/B Testing UX Optimization Latency Optimization Monitoring JavaScript Message Queue Great things never come from comfort zones. RabbitMQ
Neural Networks Frontend Load Testing Container Orchestration Framework Quantum Computing The only way to do great work is to love what you do. To be the best, you must be able to handle the worst. Docker Data Pipeline Firewalls Predictive Analytics CI/CD NLP Cloud
