Event-driven Architecture IoT Database Indexing A/B Testing If you can dream it, you can do it. Cloud Functions Edge Computing WebSockets OAuth Data Pipeline
Multi-threading Kafka Success is how high you bounce when you hit bottom. Difficult roads often lead to beautiful destinations. Event Sourcing Opportunities don't happen. You create them. Event-driven Architecture Testing Code Review
